
Microsoft Visual Studio Solution File, Format Version 12.00
Project("{FAE04EC0-301F-11D3-BF4B-00C04F79EFBC}") = "LaptopsAz.PL", "LaptopsAz.PL\LaptopsAz.PL.csproj", "{55E272CE-3ED1-4485-8039-254A9B36B290}"
EndProject
Project("{FAE04EC0-301F-11D3-BF4B-00C04F79EFBC}") = "LaptopsAz.Core", "LaptopsAz.Core\LaptopsAz.Core.csproj", "{7253EDDC-6BC6-4A19-9DB2-0052AF6AE4A9}"
EndProject
Project("{FAE04EC0-301F-11D3-BF4B-00C04F79EFBC}") = "LaptopsAz.DL", "LaptopsAz.DL\LaptopsAz.DL.csproj", "{2E8406D6-9659-4901-A609-03DB3DE7587B}"
EndProject
Project("{FAE04EC0-301F-11D3-BF4B-00C04F79EFBC}") = "LaptopsAz.BL", "LaptopsAz.BL\LaptopsAz.BL.csproj", "{927AFEBC-4DAA-4786-809B-1F34767AFC35}"
EndProject
Global
	GlobalSection(SolutionConfigurationPlatforms) = preSolution
		Debug|Any CPU = Debug|Any CPU
		Release|Any CPU = Release|Any CPU
	EndGlobalSection
	GlobalSection(ProjectConfigurationPlatforms) = postSolution
		{55E272CE-3ED1-4485-8039-254A9B36B290}.Debug|Any CPU.ActiveCfg = Debug|Any CPU
		{55E272CE-3ED1-4485-8039-254A9B36B290}.Debug|Any CPU.Build.0 = Debug|Any CPU
		{55E272CE-3ED1-4485-8039-254A9B36B290}.Release|Any CPU.ActiveCfg = Release|Any CPU
		{55E272CE-3ED1-4485-8039-254A9B36B290}.Release|Any CPU.Build.0 = Release|Any CPU
		{7253EDDC-6BC6-4A19-9DB2-0052AF6AE4A9}.Debug|Any CPU.ActiveCfg = Debug|Any CPU
		{7253EDDC-6BC6-4A19-9DB2-0052AF6AE4A9}.Debug|Any CPU.Build.0 = Debug|Any CPU
		{7253EDDC-6BC6-4A19-9DB2-0052AF6AE4A9}.Release|Any CPU.ActiveCfg = Release|Any CPU
		{7253EDDC-6BC6-4A19-9DB2-0052AF6AE4A9}.Release|Any CPU.Build.0 = Release|Any CPU
		{2E8406D6-9659-4901-A609-03DB3DE7587B}.Debug|Any CPU.ActiveCfg = Debug|Any CPU
		{2E8406D6-9659-4901-A609-03DB3DE7587B}.Debug|Any CPU.Build.0 = Debug|Any CPU
		{2E8406D6-9659-4901-A609-03DB3DE7587B}.Release|Any CPU.ActiveCfg = Release|Any CPU
		{2E8406D6-9659-4901-A609-03DB3DE7587B}.Release|Any CPU.Build.0 = Release|Any CPU
		{927AFEBC-4DAA-4786-809B-1F34767AFC35}.Debug|Any CPU.ActiveCfg = Debug|Any CPU
		{927AFEBC-4DAA-4786-809B-1F34767AFC35}.Debug|Any CPU.Build.0 = Debug|Any CPU
		{927AFEBC-4DAA-4786-809B-1F34767AFC35}.Release|Any CPU.ActiveCfg = Release|Any CPU
		{927AFEBC-4DAA-4786-809B-1F34767AFC35}.Release|Any CPU.Build.0 = Release|Any CPU
	EndGlobalSection
EndGlobal
